
Microsoft Visual Studio Solution File, Format Version 12.00
# Visual Studio Version 16
VisualStudioVersion = 16.0.31515.178
MinimumVisualStudioVersion = 10.0.40219.1
Project("{FAE04EC0-301F-11D3-BF4B-00C04F79EFBC}") = "CqHttpSharp", "CqHttpSharp\CqHttpSharp.csproj", "{DAB615B9-D983-493A-A6EF-5439A2EE0CDB}"
EndProject
Global
	GlobalSection(SolutionConfigurationPlatforms) = preSolution
		Debug|Any CPU = Debug|Any CPU
		Release|Any CPU = Release|Any CPU
	EndGlobalSection
	GlobalSection(ProjectConfigurationPlatforms) = postSolution
		{DAB615B9-D983-493A-A6EF-5439A2EE0CDB}.Debug|Any CPU.ActiveCfg = Debug|Any CPU
		{DAB615B9-D983-493A-A6EF-5439A2EE0CDB}.Debug|Any CPU.Build.0 = Debug|Any CPU
		{DAB615B9-D983-493A-A6EF-5439A2EE0CDB}.Release|Any CPU.ActiveCfg = Release|Any CPU
		{DAB615B9-D983-493A-A6EF-5439A2EE0CDB}.Release|Any CPU.Build.0 = Release|Any CPU
	EndGlobalSection
	GlobalSection(SolutionProperties) = preSolution
		HideSolutionNode = FALSE
	EndGlobalSection
	GlobalSection(ExtensibilityGlobals) = postSolution
		SolutionGuid = {7036EB13-29A3-48AD-8011-CFC014EE5506}
	EndGlobalSection
EndGlobal
